
Microsoft Visual Studio Solution File, Format Version 12.00
# Visual Studio Version 17
VisualStudioVersion = 17.13.36105.23
MinimumVisualStudioVersion = 10.0.40219.1
Project("{FAE04EC0-301F-11D3-BF4B-00C04F79EFBC}") = "TaskApp.Api", "TaskApp.Api\TaskApp.Api.csproj", "{7B6B65BB-1CFB-4635-ABFE-C8D7BD7A499D}"
EndProject
Project("{FAE04EC0-301F-11D3-BF4B-00C04F79EFBC}") = "TaskApp.Application", "TaskApp.Application\TaskApp.Application.csproj", "{87385467-C8D0-44CE-BB02-E178AC6F6ACA}"
EndProject
Project("{FAE04EC0-301F-11D3-BF4B-00C04F79EFBC}") = "TaskApp.Domain", "TaskApp.Domain\TaskApp.Domain.csproj", "{A5A95FC4-5E08-4677-A6E6-E6F3B2BAD2F1}"
EndProject
Project("{FAE04EC0-301F-11D3-BF4B-00C04F79EFBC}") = "TaskApp.Infrastructure", "TaskApp.Infrastructure\TaskApp.Infrastructure.csproj", "{8A50F1D7-4DBD-480A-AB9F-ED74A1A49A45}"
EndProject
Project("{FAE04EC0-301F-11D3-BF4B-00C04F79EFBC}") = "TaskApp.Shared", "TaskApp.Shared\TaskApp.Shared.csproj", "{75CF08A6-7FC6-4C23-9BF3-403B0DA173FF}"
EndProject
Project("{FAE04EC0-301F-11D3-BF4B-00C04F79EFBC}") = "TaskApp.Api.Tests", "TaskApp.Api.Tests\TaskApp.Api.Tests.csproj", "{DE6FEAED-615A-486A-0F7B-8206CF92DE1F}"
EndProject
Global
	GlobalSection(SolutionConfigurationPlatforms) = preSolution
		Debug|Any CPU = Debug|Any CPU
		Release|Any CPU = Release|Any CPU
	EndGlobalSection
	GlobalSection(ProjectConfigurationPlatforms) = postSolution
		{7B6B65BB-1CFB-4635-ABFE-C8D7BD7A499D}.Debug|Any CPU.ActiveCfg = Debug|Any CPU
		{7B6B65BB-1CFB-4635-ABFE-C8D7BD7A499D}.Debug|Any CPU.Build.0 = Debug|Any CPU
		{7B6B65BB-1CFB-4635-ABFE-C8D7BD7A499D}.Release|Any CPU.ActiveCfg = Release|Any CPU
		{7B6B65BB-1CFB-4635-ABFE-C8D7BD7A499D}.Release|Any CPU.Build.0 = Release|Any CPU
		{87385467-C8D0-44CE-BB02-E178AC6F6ACA}.Debug|Any CPU.ActiveCfg = Debug|Any CPU
		{87385467-C8D0-44CE-BB02-E178AC6F6ACA}.Debug|Any CPU.Build.0 = Debug|Any CPU
		{87385467-C8D0-44CE-BB02-E178AC6F6ACA}.Release|Any CPU.ActiveCfg = Release|Any CPU
		{87385467-C8D0-44CE-BB02-E178AC6F6ACA}.Release|Any CPU.Build.0 = Release|Any CPU
		{A5A95FC4-5E08-4677-A6E6-E6F3B2BAD2F1}.Debug|Any CPU.ActiveCfg = Debug|Any CPU
		{A5A95FC4-5E08-4677-A6E6-E6F3B2BAD2F1}.Debug|Any CPU.Build.0 = Debug|Any CPU
		{A5A95FC4-5E08-4677-A6E6-E6F3B2BAD2F1}.Release|Any CPU.ActiveCfg = Release|Any CPU
		{A5A95FC4-5E08-4677-A6E6-E6F3B2BAD2F1}.Release|Any CPU.Build.0 = Release|Any CPU
		{8A50F1D7-4DBD-480A-AB9F-ED74A1A49A45}.Debug|Any CPU.ActiveCfg = Debug|Any CPU
		{8A50F1D7-4DBD-480A-AB9F-ED74A1A49A45}.Debug|Any CPU.Build.0 = Debug|Any CPU
		{8A50F1D7-4DBD-480A-AB9F-ED74A1A49A45}.Release|Any CPU.ActiveCfg = Release|Any CPU
		{8A50F1D7-4DBD-480A-AB9F-ED74A1A49A45}.Release|Any CPU.Build.0 = Release|Any CPU
		{75CF08A6-7FC6-4C23-9BF3-403B0DA173FF}.Debug|Any CPU.ActiveCfg = Debug|Any CPU
		{75CF08A6-7FC6-4C23-9BF3-403B0DA173FF}.Debug|Any CPU.Build.0 = Debug|Any CPU
		{75CF08A6-7FC6-4C23-9BF3-403B0DA173FF}.Release|Any CPU.ActiveCfg = Release|Any CPU
		{75CF08A6-7FC6-4C23-9BF3-403B0DA173FF}.Release|Any CPU.Build.0 = Release|Any CPU
		{DE6FEAED-615A-486A-0F7B-8206CF92DE1F}.Debug|Any CPU.ActiveCfg = Debug|Any CPU
		{DE6FEAED-615A-486A-0F7B-8206CF92DE1F}.Debug|Any CPU.Build.0 = Debug|Any CPU
		{DE6FEAED-615A-486A-0F7B-8206CF92DE1F}.Release|Any CPU.ActiveCfg = Release|Any CPU
		{DE6FEAED-615A-486A-0F7B-8206CF92DE1F}.Release|Any CPU.Build.0 = Release|Any CPU
	EndGlobalSection
	GlobalSection(SolutionProperties) = preSolution
		HideSolutionNode = FALSE
	EndGlobalSection
	GlobalSection(ExtensibilityGlobals) = postSolution
		SolutionGuid = {DEDDEE40-3B1F-4E5A-A548-EE058867CB86}
	EndGlobalSection
EndGlobal
